
Microsoft Visual Studio Solution File, Format Version 12.00
Project("{FAE04EC0-301F-11D3-BF4B-00C04F79EFBC}") = "ReverseStringV3", "ReverseStringV3.csproj", "{8CFCE82A-52A5-4DF8-9D24-ED8CF54C8F45}"
EndProject
Global
	GlobalSection(SolutionConfigurationPlatforms) = preSolution
		Debug|Any CPU = Debug|Any CPU
		Release|Any CPU = Release|Any CPU
	EndGlobalSection
	GlobalSection(ProjectConfigurationPlatforms) = postSolution
		{8CFCE82A-52A5-4DF8-9D24-ED8CF54C8F45}.Debug|Any CPU.ActiveCfg = Debug|Any CPU
		{8CFCE82A-52A5-4DF8-9D24-ED8CF54C8F45}.Debug|Any CPU.Build.0 = Debug|Any CPU
		{8CFCE82A-52A5-4DF8-9D24-ED8CF54C8F45}.Release|Any CPU.ActiveCfg = Release|Any CPU
		{8CFCE82A-52A5-4DF8-9D24-ED8CF54C8F45}.Release|Any CPU.Build.0 = Release|Any CPU
	EndGlobalSection
EndGlobal
